{
  "version": 4,
  "terraform_version": "1.7.5",
  "serial": 19,
  "lineage": "0bf4315e-96af-1847-46fa-6b2b19c9f4c8",
  "outputs": {},
  "resources": [
    {
      "mode": "managed",
      "type": "google_storage_bucket",
      "name": "test_bucket",
      "provider": "provider[\"registry.terraform.io/hashicorp/google\"]",
      "instances": [
        {
          "schema_version": 1,
          "attributes": {
            "autoclass": [],
            "cors": [],
            "custom_placement_config": [],
            "default_event_based_hold": false,
            "effective_labels": {},
            "enable_object_retention": false,
            "encryption": [],
            "force_destroy": false,
            "id": "test-terraform-bucket",
            "labels": {},
            "lifecycle_rule": [],
            "location": "US",
            "logging": [],
            "name": "test-terraform-bucket",
            "project": "phonic-altar-416918",
            "public_access_prevention": "inherited",
            "requester_pays": false,
            "retention_policy": [],
            "rpo": "DEFAULT",
            "self_link": "https://www.googleapis.com/storage/v1/b/test-terraform-bucket",
            "storage_class": "STANDARD",
            "terraform_labels": {},
            "timeouts": null,
            "uniform_bucket_level_access": false,
            "url": "gs://test-terraform-bucket",
            "versioning": [],
            "website": []
          },
          "sensitive_attributes": [],
          "private": "eyJlMmJmYjczMC1lY2FhLTExZTYtOGY4OC0zNDM2M2JjN2M0YzAiOnsiY3JlYXRlIjo2MDAwMDAwMDAwMDAsInJlYWQiOjI0MDAwMDAwMDAwMCwidXBkYXRlIjoyNDAwMDAwMDAwMDB9LCJzY2hlbWFfdmVyc2lvbiI6IjEifQ=="
        }
      ]
    },
    {
      "mode": "managed",
      "type": "google_storage_bucket_object",
      "name": "test_object",
      "provider": "provider[\"registry.terraform.io/hashicorp/google\"]",
      "instances": [
        {
          "schema_version": 0,
          "attributes": {
            "bucket": "test-terraform-bucket",
            "cache_control": "",
            "content": null,
            "content_disposition": "",
            "content_encoding": "",
            "content_language": "",
            "content_type": "text/plain; charset=utf-8",
            "crc32c": "nuY5Zw==",
            "customer_encryption": [],
            "detect_md5hash": "W2jXtXs9zTXolvuq0cGGag==",
            "event_based_hold": false,
            "id": "test-terraform-bucket-data.txt",
            "kms_key_name": "",
            "md5hash": "W2jXtXs9zTXolvuq0cGGag==",
            "media_link": "https://storage.googleapis.com/download/storage/v1/b/test-terraform-bucket/o/data.txt?generation=1711272043654563\u0026alt=media",
            "metadata": {},
            "name": "data.txt",
            "output_name": "data.txt",
            "retention": [],
            "self_link": "https://www.googleapis.com/storage/v1/b/test-terraform-bucket/o/data.txt",
            "source": "/mnt/c/Users/KatarzynaBanach/helping_files_bp/data.csv",
            "storage_class": "STANDARD",
            "temporary_hold": false,
            "timeouts": null
          },
          "sensitive_attributes": [],
          "private": "eyJlMmJmYjczMC1lY2FhLTExZTYtOGY4OC0zNDM2M2JjN2M0YzAiOnsiY3JlYXRlIjoyNDAwMDAwMDAwMDAsImRlbGV0ZSI6MjQwMDAwMDAwMDAwLCJ1cGRhdGUiOjI0MDAwMDAwMDAwMH19",
          "dependencies": [
            "google_storage_bucket.test_bucket"
          ]
        }
      ]
    }
  ],
  "check_results": [
    {
      "object_kind": "var",
      "config_addr": "var.vm_params",
      "status": "pass",
      "objects": [
        {
          "object_addr": "var.vm_params",
          "status": "pass"
        }
      ]
    },
    {
      "object_kind": "var",
      "config_addr": "var.bucket_params",
      "status": "pass",
      "objects": [
        {
          "object_addr": "var.bucket_params",
          "status": "pass"
        }
      ]
    }
  ]
}
